
Microsoft Visual Studio Solution File, Format Version 12.00
# Visual Studio 15
VisualStudioVersion = 15.0.28010.2041
MinimumVisualStudioVersion = 10.0.40219.1
Project("{FAE04EC0-301F-11D3-BF4B-00C04F79EFBC}") = "GameStore", "GameStore\GameStore.csproj", "{7BD55FEF-4ED8-4BBE-ABE3-715E6264E92D}"
EndProject
Project("{FAE04EC0-301F-11D3-BF4B-00C04F79EFBC}") = "GameStore.Data", "GameStore.Data\GameStore.Data.csproj", "{8DD655B3-86F5-495B-9357-C94BDA62FAF2}"
EndProject
Project("{FAE04EC0-301F-11D3-BF4B-00C04F79EFBC}") = "GameStore.Services", "GameStore.Services\GameStore.Services.csproj", "{60313B09-090E-4D0D-A0C1-52876ECDBF24}"
EndProject
Global
	GlobalSection(SolutionConfigurationPlatforms) = preSolution
		Debug|Any CPU = Debug|Any CPU
		Release|Any CPU = Release|Any CPU
	EndGlobalSection
	GlobalSection(ProjectConfigurationPlatforms) = postSolution
		{7BD55FEF-4ED8-4BBE-ABE3-715E6264E92D}.Debug|Any CPU.ActiveCfg = Debug|Any CPU
		{7BD55FEF-4ED8-4BBE-ABE3-715E6264E92D}.Debug|Any CPU.Build.0 = Debug|Any CPU
		{7BD55FEF-4ED8-4BBE-ABE3-715E6264E92D}.Release|Any CPU.ActiveCfg = Release|Any CPU
		{7BD55FEF-4ED8-4BBE-ABE3-715E6264E92D}.Release|Any CPU.Build.0 = Release|Any CPU
		{8DD655B3-86F5-495B-9357-C94BDA62FAF2}.Debug|Any CPU.ActiveCfg = Debug|Any CPU
		{8DD655B3-86F5-495B-9357-C94BDA62FAF2}.Debug|Any CPU.Build.0 = Debug|Any CPU
		{8DD655B3-86F5-495B-9357-C94BDA62FAF2}.Release|Any CPU.ActiveCfg = Release|Any CPU
		{8DD655B3-86F5-495B-9357-C94BDA62FAF2}.Release|Any CPU.Build.0 = Release|Any CPU
		{60313B09-090E-4D0D-A0C1-52876ECDBF24}.Debug|Any CPU.ActiveCfg = Debug|Any CPU
		{60313B09-090E-4D0D-A0C1-52876ECDBF24}.Debug|Any CPU.Build.0 = Debug|Any CPU
		{60313B09-090E-4D0D-A0C1-52876ECDBF24}.Release|Any CPU.ActiveCfg = Release|Any CPU
		{60313B09-090E-4D0D-A0C1-52876ECDBF24}.Release|Any CPU.Build.0 = Release|Any CPU
	EndGlobalSection
	GlobalSection(SolutionProperties) = preSolution
		HideSolutionNode = FALSE
	EndGlobalSection
	GlobalSection(ExtensibilityGlobals) = postSolution
		SolutionGuid = {62D15152-B028-4497-9840-62BB4A5AEF3A}
	EndGlobalSection
EndGlobal
